
Microsoft Visual Studio Solution File, Format Version 12.00
# Visual Studio 2013
VisualStudioVersion = 12.0.21005.1
MinimumVisualStudioVersion = 10.0.40219.1
Project("{8BC9CEB8-8B4A-11D0-8D11-00A0C91BC942}") = "mcro_test", "..\mcro_test\mcro_test.vcxproj", "{C752041C-B116-4A39-AA0C-CD631EF328EC}"
EndProject
Project("{8BC9CEB8-8B4A-11D0-8D11-00A0C91BC942}") = "mutilthread", "..\mutilthread\mutilthread.vcxproj", "{A17C7C79-353B-41A5-8FB3-F7EE23DF6977}"
EndProject
Project("{8BC9CEB8-8B4A-11D0-8D11-00A0C91BC942}") = "32_noexcept", "..\32_noexcept\32_noexcept.vcxproj", "{75787B04-3839-4FA7-8789-0306ADB1DF0E}"
EndProject
Project("{8BC9CEB8-8B4A-11D0-8D11-00A0C91BC942}") = "temp", "..\temp\temp.vcxproj", "{C7086A67-19F9-498A-B7C3-6A5A44689A4B}"
EndProject
Project("{8BC9CEB8-8B4A-11D0-8D11-00A0C91BC942}") = "44_final_override", "..\44_final_override\44_final_override.vcxproj", "{7D528BEB-5767-4955-9332-60F4E452A944}"
EndProject
Project("{8BC9CEB8-8B4A-11D0-8D11-00A0C91BC942}") = "68_move", "..\68_move\68_move.vcxproj", "{9C214F9B-8D86-4E18-B8AF-F9110C9E89FF}"
EndProject
Project("{8BC9CEB8-8B4A-11D0-8D11-00A0C91BC942}") = "39_nonstatic_sizeof", "..\39_nonstatic_sizeof\39_nonstatic_sizeof.vcxproj", "{87250992-E1FF-4CF1-A936-65E2374A608A}"
EndProject
Project("{8BC9CEB8-8B4A-11D0-8D11-00A0C91BC942}") = "78_move_2", "..\78_move_2\78_move_2.vcxproj", "{2C7F12DC-A75F-4490-86D2-D7BD2F85C18C}"
EndProject
Project("{8BC9CEB8-8B4A-11D0-8D11-00A0C91BC942}") = "92_initializer_list", "..\92_initializer_list\92_initializer_list.vcxproj", "{2FF5AD0C-F328-4177-806F-2674E4F8F34E}"
EndProject
Project("{8BC9CEB8-8B4A-11D0-8D11-00A0C91BC942}") = "126_auto", "..\126_auto\126_auto.vcxproj", "{42D78010-9FE6-4903-9F19-137D479BE033}"
EndProject
Project("{8BC9CEB8-8B4A-11D0-8D11-00A0C91BC942}") = "129_auto", "..\129_auto\129_auto.vcxproj", "{5AF2C8CC-740A-40A3-9646-AFB44DF392B2}"
EndProject
Project("{8BC9CEB8-8B4A-11D0-8D11-00A0C91BC942}") = "150_for_each", "..\150_for_each\150_for_each.vcxproj", "{0A1FB62D-382D-422E-8A7C-EA9C5AA7EDB7}"
EndProject
Project("{8BC9CEB8-8B4A-11D0-8D11-00A0C91BC942}") = "151_rang_for", "..\151_rang_for\151_rang_for.vcxproj", "{F02ACB97-36CE-43C7-BE09-D8D37BCE30AE}"
EndProject
Project("{8BC9CEB8-8B4A-11D0-8D11-00A0C91BC942}") = "164_smartpointers", "..\164_smartpointers\164_smartpointers.vcxproj", "{B5236FFF-B134-43E8-9F77-1C1CE89F3FB3}"
EndProject
Project("{8BC9CEB8-8B4A-11D0-8D11-00A0C91BC942}") = "166_smartpointers", "..\166_smartpointers\166_smartpointers.vcxproj", "{15F48918-7665-40A5-A3E2-13DE970E978F}"
EndProject
Project("{8BC9CEB8-8B4A-11D0-8D11-00A0C91BC942}") = "198_atomic", "..\198_atomic\198_atomic.vcxproj", "{849A4552-4F2F-4D3A-97C2-99B3AB48BB95}"
EndProject
Project("{8BC9CEB8-8B4A-11D0-8D11-00A0C91BC942}") = "202_simple_spinlock", "..\202_simple_spinlock\202_simple_spinlock.vcxproj", "{B8911DB7-24F9-4CEC-8071-4E73AB6401D8}"
EndProject
Project("{8BC9CEB8-8B4A-11D0-8D11-00A0C91BC942}") = "235_lambda_1", "..\235_lambda_1\235_lambda_1.vcxproj", "{1A04314D-417B-4366-A36F-21910D393FF7}"
EndProject
Project("{8BC9CEB8-8B4A-11D0-8D11-00A0C91BC942}") = "236_lambda_2", "..\236_lambda_2\236_lambda_2.vcxproj", "{0662B265-3E86-45AE-8512-F1A9385463D5}"
EndProject
Project("{8BC9CEB8-8B4A-11D0-8D11-00A0C91BC942}") = "237_lambda_3", "..\237_lambda_3\237_lambda_3.vcxproj", "{9BF05448-C622-4D40-A619-2E74762C4A5F}"
EndProject
Project("{8BC9CEB8-8B4A-11D0-8D11-00A0C91BC942}") = "238_lambda_4", "..\238_lambda_3\238_lambda_3.vcxproj", "{81FBFFFA-87D2-4D8A-B402-A465985B1A0C}"
EndProject
Project("{8BC9CEB8-8B4A-11D0-8D11-00A0C91BC942}") = "241_lambda_5", "..\241_lambda_5\241_lambda_5.vcxproj", "{B0F7BD0F-1803-4EDB-AFB1-0F2FE4BB7C94}"
EndProject
Project("{8BC9CEB8-8B4A-11D0-8D11-00A0C91BC942}") = "248_lambda_6", "..\248_lambda_6\248_lambda_6.vcxproj", "{2F9A78F7-AB8F-418E-9F56-8C8E6AD2C442}"
EndProject
Global
	GlobalSection(SolutionConfigurationPlatforms) = preSolution
		Debug|Win32 = Debug|Win32
		Release|Win32 = Release|Win32
	EndGlobalSection
	GlobalSection(ProjectConfigurationPlatforms) = postSolution
		{C752041C-B116-4A39-AA0C-CD631EF328EC}.Debug|Win32.ActiveCfg = Debug|Win32
		{C752041C-B116-4A39-AA0C-CD631EF328EC}.Debug|Win32.Build.0 = Debug|Win32
		{C752041C-B116-4A39-AA0C-CD631EF328EC}.Release|Win32.ActiveCfg = Release|Win32
		{C752041C-B116-4A39-AA0C-CD631EF328EC}.Release|Win32.Build.0 = Release|Win32
		{A17C7C79-353B-41A5-8FB3-F7EE23DF6977}.Debug|Win32.ActiveCfg = Debug|Win32
		{A17C7C79-353B-41A5-8FB3-F7EE23DF6977}.Debug|Win32.Build.0 = Debug|Win32
		{A17C7C79-353B-41A5-8FB3-F7EE23DF6977}.Release|Win32.ActiveCfg = Release|Win32
		{A17C7C79-353B-41A5-8FB3-F7EE23DF6977}.Release|Win32.Build.0 = Release|Win32
		{75787B04-3839-4FA7-8789-0306ADB1DF0E}.Debug|Win32.ActiveCfg = Debug|Win32
		{75787B04-3839-4FA7-8789-0306ADB1DF0E}.Debug|Win32.Build.0 = Debug|Win32
		{75787B04-3839-4FA7-8789-0306ADB1DF0E}.Release|Win32.ActiveCfg = Release|Win32
		{75787B04-3839-4FA7-8789-0306ADB1DF0E}.Release|Win32.Build.0 = Release|Win32
		{C7086A67-19F9-498A-B7C3-6A5A44689A4B}.Debug|Win32.ActiveCfg = Debug|Win32
		{C7086A67-19F9-498A-B7C3-6A5A44689A4B}.Debug|Win32.Build.0 = Debug|Win32
		{C7086A67-19F9-498A-B7C3-6A5A44689A4B}.Release|Win32.ActiveCfg = Release|Win32
		{C7086A67-19F9-498A-B7C3-6A5A44689A4B}.Release|Win32.Build.0 = Release|Win32
		{7D528BEB-5767-4955-9332-60F4E452A944}.Debug|Win32.ActiveCfg = Debug|Win32
		{7D528BEB-5767-4955-9332-60F4E452A944}.Debug|Win32.Build.0 = Debug|Win32
		{7D528BEB-5767-4955-9332-60F4E452A944}.Release|Win32.ActiveCfg = Release|Win32
		{7D528BEB-5767-4955-9332-60F4E452A944}.Release|Win32.Build.0 = Release|Win32
		{9C214F9B-8D86-4E18-B8AF-F9110C9E89FF}.Debug|Win32.ActiveCfg = Debug|Win32
		{9C214F9B-8D86-4E18-B8AF-F9110C9E89FF}.Debug|Win32.Build.0 = Debug|Win32
		{9C214F9B-8D86-4E18-B8AF-F9110C9E89FF}.Release|Win32.ActiveCfg = Release|Win32
		{9C214F9B-8D86-4E18-B8AF-F9110C9E89FF}.Release|Win32.Build.0 = Release|Win32
		{87250992-E1FF-4CF1-A936-65E2374A608A}.Debug|Win32.ActiveCfg = Debug|Win32
		{87250992-E1FF-4CF1-A936-65E2374A608A}.Debug|Win32.Build.0 = Debug|Win32
		{87250992-E1FF-4CF1-A936-65E2374A608A}.Release|Win32.ActiveCfg = Release|Win32
		{87250992-E1FF-4CF1-A936-65E2374A608A}.Release|Win32.Build.0 = Release|Win32
		{2C7F12DC-A75F-4490-86D2-D7BD2F85C18C}.Debug|Win32.ActiveCfg = Debug|Win32
		{2C7F12DC-A75F-4490-86D2-D7BD2F85C18C}.Debug|Win32.Build.0 = Debug|Win32
		{2C7F12DC-A75F-4490-86D2-D7BD2F85C18C}.Release|Win32.ActiveCfg = Release|Win32
		{2C7F12DC-A75F-4490-86D2-D7BD2F85C18C}.Release|Win32.Build.0 = Release|Win32
		{2FF5AD0C-F328-4177-806F-2674E4F8F34E}.Debug|Win32.ActiveCfg = Debug|Win32
		{2FF5AD0C-F328-4177-806F-2674E4F8F34E}.Debug|Win32.Build.0 = Debug|Win32
		{2FF5AD0C-F328-4177-806F-2674E4F8F34E}.Release|Win32.ActiveCfg = Release|Win32
		{2FF5AD0C-F328-4177-806F-2674E4F8F34E}.Release|Win32.Build.0 = Release|Win32
		{42D78010-9FE6-4903-9F19-137D479BE033}.Debug|Win32.ActiveCfg = Debug|Win32
		{42D78010-9FE6-4903-9F19-137D479BE033}.Debug|Win32.Build.0 = Debug|Win32
		{42D78010-9FE6-4903-9F19-137D479BE033}.Release|Win32.ActiveCfg = Release|Win32
		{42D78010-9FE6-4903-9F19-137D479BE033}.Release|Win32.Build.0 = Release|Win32
		{5AF2C8CC-740A-40A3-9646-AFB44DF392B2}.Debug|Win32.ActiveCfg = Debug|Win32
		{5AF2C8CC-740A-40A3-9646-AFB44DF392B2}.Debug|Win32.Build.0 = Debug|Win32
		{5AF2C8CC-740A-40A3-9646-AFB44DF392B2}.Release|Win32.ActiveCfg = Release|Win32
		{5AF2C8CC-740A-40A3-9646-AFB44DF392B2}.Release|Win32.Build.0 = Release|Win32
		{0A1FB62D-382D-422E-8A7C-EA9C5AA7EDB7}.Debug|Win32.ActiveCfg = Debug|Win32
		{0A1FB62D-382D-422E-8A7C-EA9C5AA7EDB7}.Debug|Win32.Build.0 = Debug|Win32
		{0A1FB62D-382D-422E-8A7C-EA9C5AA7EDB7}.Release|Win32.ActiveCfg = Release|Win32
		{0A1FB62D-382D-422E-8A7C-EA9C5AA7EDB7}.Release|Win32.Build.0 = Release|Win32
		{F02ACB97-36CE-43C7-BE09-D8D37BCE30AE}.Debug|Win32.ActiveCfg = Debug|Win32
		{F02ACB97-36CE-43C7-BE09-D8D37BCE30AE}.Debug|Win32.Build.0 = Debug|Win32
		{F02ACB97-36CE-43C7-BE09-D8D37BCE30AE}.Release|Win32.ActiveCfg = Release|Win32
		{F02ACB97-36CE-43C7-BE09-D8D37BCE30AE}.Release|Win32.Build.0 = Release|Win32
		{B5236FFF-B134-43E8-9F77-1C1CE89F3FB3}.Debug|Win32.ActiveCfg = Debug|Win32
		{B5236FFF-B134-43E8-9F77-1C1CE89F3FB3}.Debug|Win32.Build.0 = Debug|Win32
		{B5236FFF-B134-43E8-9F77-1C1CE89F3FB3}.Release|Win32.ActiveCfg = Release|Win32
		{B5236FFF-B134-43E8-9F77-1C1CE89F3FB3}.Release|Win32.Build.0 = Release|Win32
		{15F48918-7665-40A5-A3E2-13DE970E978F}.Debug|Win32.ActiveCfg = Debug|Win32
		{15F48918-7665-40A5-A3E2-13DE970E978F}.Debug|Win32.Build.0 = Debug|Win32
		{15F48918-7665-40A5-A3E2-13DE970E978F}.Release|Win32.ActiveCfg = Release|Win32
		{15F48918-7665-40A5-A3E2-13DE970E978F}.Release|Win32.Build.0 = Release|Win32
		{849A4552-4F2F-4D3A-97C2-99B3AB48BB95}.Debug|Win32.ActiveCfg = Debug|Win32
		{849A4552-4F2F-4D3A-97C2-99B3AB48BB95}.Debug|Win32.Build.0 = Debug|Win32
		{849A4552-4F2F-4D3A-97C2-99B3AB48BB95}.Release|Win32.ActiveCfg = Release|Win32
		{849A4552-4F2F-4D3A-97C2-99B3AB48BB95}.Release|Win32.Build.0 = Release|Win32
		{B8911DB7-24F9-4CEC-8071-4E73AB6401D8}.Debug|Win32.ActiveCfg = Debug|Win32
		{B8911DB7-24F9-4CEC-8071-4E73AB6401D8}.Debug|Win32.Build.0 = Debug|Win32
		{B8911DB7-24F9-4CEC-8071-4E73AB6401D8}.Release|Win32.ActiveCfg = Release|Win32
		{B8911DB7-24F9-4CEC-8071-4E73AB6401D8}.Release|Win32.Build.0 = Release|Win32
		{1A04314D-417B-4366-A36F-21910D393FF7}.Debug|Win32.ActiveCfg = Debug|Win32
		{1A04314D-417B-4366-A36F-21910D393FF7}.Debug|Win32.Build.0 = Debug|Win32
		{1A04314D-417B-4366-A36F-21910D393FF7}.Release|Win32.ActiveCfg = Release|Win32
		{1A04314D-417B-4366-A36F-21910D393FF7}.Release|Win32.Build.0 = Release|Win32
		{0662B265-3E86-45AE-8512-F1A9385463D5}.Debug|Win32.ActiveCfg = Debug|Win32
		{0662B265-3E86-45AE-8512-F1A9385463D5}.Debug|Win32.Build.0 = Debug|Win32
		{0662B265-3E86-45AE-8512-F1A9385463D5}.Release|Win32.ActiveCfg = Release|Win32
		{0662B265-3E86-45AE-8512-F1A9385463D5}.Release|Win32.Build.0 = Release|Win32
		{9BF05448-C622-4D40-A619-2E74762C4A5F}.Debug|Win32.ActiveCfg = Debug|Win32
		{9BF05448-C622-4D40-A619-2E74762C4A5F}.Debug|Win32.Build.0 = Debug|Win32
		{9BF05448-C622-4D40-A619-2E74762C4A5F}.Release|Win32.ActiveCfg = Release|Win32
		{9BF05448-C622-4D40-A619-2E74762C4A5F}.Release|Win32.Build.0 = Release|Win32
		{81FBFFFA-87D2-4D8A-B402-A465985B1A0C}.Debug|Win32.ActiveCfg = Debug|Win32
		{81FBFFFA-87D2-4D8A-B402-A465985B1A0C}.Debug|Win32.Build.0 = Debug|Win32
		{81FBFFFA-87D2-4D8A-B402-A465985B1A0C}.Release|Win32.ActiveCfg = Release|Win32
		{81FBFFFA-87D2-4D8A-B402-A465985B1A0C}.Release|Win32.Build.0 = Release|Win32
		{B0F7BD0F-1803-4EDB-AFB1-0F2FE4BB7C94}.Debug|Win32.ActiveCfg = Debug|Win32
		{B0F7BD0F-1803-4EDB-AFB1-0F2FE4BB7C94}.Debug|Win32.Build.0 = Debug|Win32
		{B0F7BD0F-1803-4EDB-AFB1-0F2FE4BB7C94}.Release|Win32.ActiveCfg = Release|Win32
		{B0F7BD0F-1803-4EDB-AFB1-0F2FE4BB7C94}.Release|Win32.Build.0 = Release|Win32
		{2F9A78F7-AB8F-418E-9F56-8C8E6AD2C442}.Debug|Win32.ActiveCfg = Debug|Win32
		{2F9A78F7-AB8F-418E-9F56-8C8E6AD2C442}.Debug|Win32.Build.0 = Debug|Win32
		{2F9A78F7-AB8F-418E-9F56-8C8E6AD2C442}.Release|Win32.ActiveCfg = Release|Win32
		{2F9A78F7-AB8F-418E-9F56-8C8E6AD2C442}.Release|Win32.Build.0 = Release|Win32
	EndGlobalSection
	GlobalSection(SolutionProperties) = preSolution
		HideSolutionNode = FALSE
	EndGlobalSection
EndGlobal
